
Microsoft Visual Studio Solution File, Format Version 12.00
# Visual Studio 2012
Project("{FAE04EC0-301F-11D3-BF4B-00C04F79EFBC}") = "ICT13580088B2", "ICT13580088B2\ICT13580088B2.csproj", "{F2F8287F-5EB4-4585-9289-3328A73CF1E6}"
EndProject
Project("{FAE04EC0-301F-11D3-BF4B-00C04F79EFBC}") = "ICT13580088B2.iOS", "iOS\ICT13580088B2.iOS.csproj", "{1B35351E-642F-4331-AC37-3E6EB9B206E3}"
EndProject
Global
	GlobalSection(SolutionConfigurationPlatforms) = preSolution
		Debug|Any CPU = Debug|Any CPU
		Release|Any CPU = Release|Any CPU
		Debug|iPhoneSimulator = Debug|iPhoneSimulator
		Release|iPhone = Release|iPhone
		Release|iPhoneSimulator = Release|iPhoneSimulator
		Debug|iPhone = Debug|iPhone
	EndGlobalSection
	GlobalSection(ProjectConfigurationPlatforms) = postSolution
		{F2F8287F-5EB4-4585-9289-3328A73CF1E6}.Debug|Any CPU.ActiveCfg = Debug|Any CPU
		{F2F8287F-5EB4-4585-9289-3328A73CF1E6}.Debug|Any CPU.Build.0 = Debug|Any CPU
		{F2F8287F-5EB4-4585-9289-3328A73CF1E6}.Release|Any CPU.ActiveCfg = Release|Any CPU
		{F2F8287F-5EB4-4585-9289-3328A73CF1E6}.Release|Any CPU.Build.0 = Release|Any CPU
		{F2F8287F-5EB4-4585-9289-3328A73CF1E6}.Debug|iPhoneSimulator.ActiveCfg = Debug|Any CPU
		{F2F8287F-5EB4-4585-9289-3328A73CF1E6}.Debug|iPhoneSimulator.Build.0 = Debug|Any CPU
		{F2F8287F-5EB4-4585-9289-3328A73CF1E6}.Release|iPhone.ActiveCfg = Release|Any CPU
		{F2F8287F-5EB4-4585-9289-3328A73CF1E6}.Release|iPhone.Build.0 = Release|Any CPU
		{F2F8287F-5EB4-4585-9289-3328A73CF1E6}.Release|iPhoneSimulator.ActiveCfg = Release|Any CPU
		{F2F8287F-5EB4-4585-9289-3328A73CF1E6}.Release|iPhoneSimulator.Build.0 = Release|Any CPU
		{F2F8287F-5EB4-4585-9289-3328A73CF1E6}.Debug|iPhone.ActiveCfg = Debug|Any CPU
		{F2F8287F-5EB4-4585-9289-3328A73CF1E6}.Debug|iPhone.Build.0 = Debug|Any CPU
		{1B35351E-642F-4331-AC37-3E6EB9B206E3}.Debug|Any CPU.ActiveCfg = Debug|iPhoneSimulator
		{1B35351E-642F-4331-AC37-3E6EB9B206E3}.Debug|Any CPU.Build.0 = Debug|iPhoneSimulator
		{1B35351E-642F-4331-AC37-3E6EB9B206E3}.Release|Any CPU.ActiveCfg = Release|iPhone
		{1B35351E-642F-4331-AC37-3E6EB9B206E3}.Release|Any CPU.Build.0 = Release|iPhone
		{1B35351E-642F-4331-AC37-3E6EB9B206E3}.Debug|iPhoneSimulator.ActiveCfg = Debug|iPhoneSimulator
		{1B35351E-642F-4331-AC37-3E6EB9B206E3}.Debug|iPhoneSimulator.Build.0 = Debug|iPhoneSimulator
		{1B35351E-642F-4331-AC37-3E6EB9B206E3}.Release|iPhone.ActiveCfg = Release|iPhone
		{1B35351E-642F-4331-AC37-3E6EB9B206E3}.Release|iPhone.Build.0 = Release|iPhone
		{1B35351E-642F-4331-AC37-3E6EB9B206E3}.Release|iPhoneSimulator.ActiveCfg = Release|iPhoneSimulator
		{1B35351E-642F-4331-AC37-3E6EB9B206E3}.Release|iPhoneSimulator.Build.0 = Release|iPhoneSimulator
		{1B35351E-642F-4331-AC37-3E6EB9B206E3}.Debug|iPhone.ActiveCfg = Debug|iPhone
		{1B35351E-642F-4331-AC37-3E6EB9B206E3}.Debug|iPhone.Build.0 = Debug|iPhone
	EndGlobalSection
EndGlobal
